
Microsoft Visual Studio Solution File, Format Version 12.00
# Visual Studio Version 17
VisualStudioVersion = 17.11.35222.181
MinimumVisualStudioVersion = 10.0.40219.1
Project("{8BC9CEB8-8B4A-11D0-8D11-00A0C91BC942}") = "Lec04_Array_Class", "Lec04_Array_Class\Lec04_Array_Class.vcxproj", "{57D78F77-157A-4ECE-BC29-625500C9E072}"
EndProject
Global
	GlobalSection(SolutionConfigurationPlatforms) = preSolution
		Debug|x64 = Debug|x64
		Debug|x86 = Debug|x86
		Release|x64 = Release|x64
		Release|x86 = Release|x86
	EndGlobalSection
	GlobalSection(ProjectConfigurationPlatforms) = postSolution
		{57D78F77-157A-4ECE-BC29-625500C9E072}.Debug|x64.ActiveCfg = Debug|x64
		{57D78F77-157A-4ECE-BC29-625500C9E072}.Debug|x64.Build.0 = Debug|x64
		{57D78F77-157A-4ECE-BC29-625500C9E072}.Debug|x86.ActiveCfg = Debug|Win32
		{57D78F77-157A-4ECE-BC29-625500C9E072}.Debug|x86.Build.0 = Debug|Win32
		{57D78F77-157A-4ECE-BC29-625500C9E072}.Release|x64.ActiveCfg = Release|x64
		{57D78F77-157A-4ECE-BC29-625500C9E072}.Release|x64.Build.0 = Release|x64
		{57D78F77-157A-4ECE-BC29-625500C9E072}.Release|x86.ActiveCfg = Release|Win32
		{57D78F77-157A-4ECE-BC29-625500C9E072}.Release|x86.Build.0 = Release|Win32
	EndGlobalSection
	GlobalSection(SolutionProperties) = preSolution
		HideSolutionNode = FALSE
	EndGlobalSection
	GlobalSection(ExtensibilityGlobals) = postSolution
		SolutionGuid = {2E32B9E7-5223-44A3-BAEF-EBB887AFD7DA}
	EndGlobalSection
EndGlobal
